version = 1
requires-python = ">=3.11"

[[package]]
name = "certifi"
version = "2023.5.7"
source = { registry = "https://pypi.org/simple" }
sdist = { url = "https://files.pythonhosted.org/packages/93/71/752f7a4dd4c20d6b12341ed1732368546bc0ca9866139fe812f6009d9ac7/certifi-2023.5.7.tar.gz", hash = "sha256:0f0d56dc5a6ad56fd4ba36484d6cc34451e1c6548c61daad8c320169f91eddc7", size = 158051 }
wheels = [
    { url = "https://files.pythonhosted.org/packages/9d/19/59961b522e6757f0c9097e4493fa906031b95b3ebe9360b2c3083561a6b4/certifi-2023.5.7-py3-none-any.whl", hash = "sha256:c6c2e98f5c7869efca1f8916fed228dd91539f9f1b444c314c06eef02980c716", size = 156962 },
]

[[package]]
name = "chardet"
version = "3.0.4"
source = { registry = "https://pypi.org/simple" }
sdist = { url = "https://files.pythonhosted.org/packages/fc/bb/a5768c230f9ddb03acc9ef3f0d4a3cf93462473795d18e9535498c8f929d/chardet-3.0.4.tar.gz", hash = "sha256:84ab92ed1c4d4f16916e05906b6b75a6c0fb5db821cc65e70cbd64a3e2a5eaae", size = 1868453 }
wheels = [
    { url = "https://files.pythonhosted.org/packages/bc/a9/01ffebfb562e4274b6487b4bb1ddec7ca55ec7510b22e4c51f14098443b8/chardet-3.0.4-py2.py3-none-any.whl", hash = "sha256:fc323ffcaeaed0e0a02bf4d117757b98aed530d9ed4531e3e15460124c106691", size = 133356 },
]

[[package]]
name = "charset-normalizer"
version = "3.1.0"
source = { registry = "https://pypi.org/simple" }
sdist = { url = "https://files.pythonhosted.org/packages/ff/d7/8d757f8bd45be079d76309248845a04f09619a7b17d6dfc8c9ff6433cac2/charset-normalizer-3.1.0.tar.gz", hash = "sha256:34e0a2f9c370eb95597aae63bf85eb5e96826d81e3dcf88b8886012906f509b5", size = 95987 }
wheels = [
    { url = "https://files.pythonhosted.org/packages/e1/7c/398600268fc98b7e007f5a716bd60903fff1ecff75e45f5700212df5cd76/charset_normalizer-3.1.0-cp311-cp311-macosx_10_9_universal2.whl", hash = "sha256:9a3267620866c9d17b959a84dd0bd2d45719b817245e49371ead79ed4f710d19", size = 199439 },
    { url = "https://files.pythonhosted.org/packages/0a/67/8d3d162ec6641911879651cdef670c3c6136782b711d7f8e82e2fffe06e0/charset_normalizer-3.1.0-cp311-cp311-macosx_10_9_x86_64.whl", hash = "sha256:6734e606355834f13445b6adc38b53c0fd45f1a56a9ba06c2058f86893ae8017", size = 123737 },
    { url = "https://files.pythonhosted.org/packages/85/e8/18d408d8fe29a56012c10d6b15960940b83f06620e9d7481581cdc6d9901/charset_normalizer-3.1.0-cp311-cp311-macosx_11_0_arm64.whl", hash = "sha256:f8303414c7b03f794347ad062c0516cee0e15f7a612abd0ce1e25caf6ceb47df", size = 121686 },
    { url = "https://files.pythonhosted.org/packages/9e/62/a1e0a8f8830c92014602c8a88a1a20b8a68d636378077381f671e6e1cec9/charset_normalizer-3.1.0-cp311-cp311-manylinux_2_17_aarch64.manylinux2014_aarch64.whl", hash = "sha256:aaf53a6cebad0eae578f062c7d462155eada9c172bd8c4d250b8c1d8eb7f916a", size = 193978 },
    { url = "https://files.pythonhosted.org/packages/12/12/c5c39f5a149cd6788d2e40cea5618bae37380e2754fcdf53dc9e01bdd33a/charset_normalizer-3.1.0-cp311-cp311-manylinux_2_17_ppc64le.manylinux2014_ppc64le.whl", hash = "sha256:3dc5b6a8ecfdc5748a7e429782598e4f17ef378e3e272eeb1340ea57c9109f41", size = 207518 },
    { url = "https://files.pythonhosted.org/packages/d7/4c/37ad75674e8c6bc22ab01bef673d2d6e46ee44203498c9a26aa23959afe5/charset_normalizer-3.1.0-cp311-cp311-manylinux_2_17_s390x.manylinux2014_s390x.whl", hash = "sha256:e1b25e3ad6c909f398df8921780d6a3d120d8c09466720226fc621605b6f92b1", size = 197713 },
    { url = "https://files.pythonhosted.org/packages/18/36/7ae10a3dd7f9117b61180671f8d1e4802080cca88ad40aaabd3dad8bab0e/charset_normalizer-3.1.0-cp311-cp311-manylinux_2_17_x86_64.manylinux2014_x86_64.whl", hash = "sha256:0ca564606d2caafb0abe6d1b5311c2649e8071eb241b2d64e75a0d0065107e62", size = 197270 },
    { url = "https://files.pythonhosted.org/packages/16/58/19fd2f62e6ff44ba0db0cd44b584790555e2cde09293149f4409d654811b/charset_normalizer-3.1.0-cp311-cp311-manylinux_2_5_i686.manylinux1_i686.manylinux_2_17_i686.manylinux2014_i686.whl", hash = "sha256:b82fab78e0b1329e183a65260581de4375f619167478dddab510c6c6fb04d9b6", size = 198541 },
    { url = "https://files.pythonhosted.org/packages/c9/8c/a76dd9f2c8803eb147e1e715727f5c3ba0ef39adaadf66a7b3698c113180/charset_normalizer-3.1.0-cp311-cp311-musllinux_1_1_aarch64.whl", hash = "sha256:bd7163182133c0c7701b25e604cf1611c0d87712e56e88e7ee5d72deab3e76b5", size = 190663 },
    { url = "https://files.pythonhosted.org/packages/21/16/1b0d8fdcb81bbf180976af4f867ce0f2244d303ab10d452fde361dec3b5c/charset_normalizer-3.1.0-cp311-cp311-musllinux_1_1_i686.whl", hash = "sha256:11d117e6c63e8f495412d37e7dc2e2fff09c34b2d09dbe2bee3c6229577818be", size = 192306 },
    { url = "https://files.pythonhosted.org/packages/5d/2b/4d8c80400c04ae3c8dbc847de092e282b5c7b17f8f9505d68bb3e5815c71/charset_normalizer-3.1.0-cp311-cp311-musllinux_1_1_ppc64le.whl", hash = "sha256:cf6511efa4801b9b38dc5546d7547d5b5c6ef4b081c60b23e4d941d0eba9cbeb", size = 202834 },
    { url = "https://files.pythonhosted.org/packages/e5/aa/9d2d60d6a566423da96c15cd11cbb88a70f9aff9a4db096094ee19179cab/charset_normalizer-3.1.0-cp311-cp311-musllinux_1_1_s390x.whl", hash = "sha256:abc1185d79f47c0a7aaf7e2412a0eb2c03b724581139193d2d82b3ad8cbb00ac", size = 193463 },
    { url = "https://files.pythonhosted.org/packages/56/24/5f2dedcf3d0673931b6200c410832ae44b376848bc899dbf1fa6c91c4ebe/charset_normalizer-3.1.0-cp311-cp311-musllinux_1_1_x86_64.whl", hash = "sha256:cb7b2ab0188829593b9de646545175547a70d9a6e2b63bf2cd87a0a391599324", size = 190959 },
    { url = "https://files.pythonhosted.org/packages/bc/08/7e7c97399806366ca515a049c3a1e4b644a6a2048bed16e5e67bfaafd0aa/charset_normalizer-3.1.0-cp311-cp311-win32.whl", hash = "sha256:c36bcbc0d5174a80d6cccf43a0ecaca44e81d25be4b7f90f0ed7bcfbb5a00909", size = 89241 },
    { url = "https://files.pythonhosted.org/packages/ad/83/994bfca99e29f1bab66b9248e739360ee70b5aae0a5ee488cd776501edbc/charset_normalizer-3.1.0-cp311-cp311-win_amd64.whl", hash = "sha256:cca4def576f47a09a943666b8f829606bcb17e2bc2d5911a46c8f8da45f56755", size = 96688 },
    { url = "https://files.pythonhosted.org/packages/ef/81/14b3b8f01ddaddad6cdec97f2f599aa2fa466bd5ee9af99b08b7713ccd29/charset_normalizer-3.1.0-py3-none-any.whl", hash = "sha256:3d9098b479e78c85080c98e1e35ff40b4a31d8953102bb0fd7d1b6f8a2111a3d", size = 46166 },
]

[[package]]
name = "click"
version = "8.1.3"
source = { registry = "https://pypi.org/simple" }
dependencies = [
    { name = "colorama", marker = "sys_platform == 'win32'" },
]
sdist = { url = "https://files.pythonhosted.org/packages/59/87/84326af34517fca8c58418d148f2403df25303e02736832403587318e9e8/click-8.1.3.tar.gz", hash = "sha256:7682dc8afb30297001674575ea00d1814d808d6a36af415a82bd481d37ba7b8e", size = 331147 }
wheels = [
    { url = "https://files.pythonhosted.org/packages/c2/f1/df59e28c642d583f7dacffb1e0965d0e00b218e0186d7858ac5233dce840/click-8.1.3-py3-none-any.whl", hash = "sha256:bb4d8133cb15a609f44e8213d9b391b0809795062913b383c62be0ee95b1db48", size = 96588 },
]

[[package]]
name = "colorama"
version = "0.4.6"
source = { registry = "https://pypi.org/simple" }
sdist = { url = "https://files.pythonhosted.org/packages/d8/53/6f443c9a4a8358a93a6792e2acffb9d9d5cb0a5cfd8802644b7b1c9a02e4/colorama-0.4.6.tar.gz", hash = "sha256:08695f5cb7ed6e0531a20572697297273c47b8cae5a63ffc6d6ed5c201be6e44", size = 27697 }
wheels = [
    { url = "https://files.pythonhosted.org/packages/d1/d6/3965ed04c63042e047cb6a3e6ed1a63a35087b6a609aa3a15ed8ac56c221/colorama-0.4.6-py2.py3-none-any.whl", hash = "sha256:4f1d9991f5acc0ca119f9d443620b77f9d6b33703e51011c16baf57afb285fc6", size = 25335 },
]

[[package]]
name = "daterangestr"
version = "0.0.3"
source = { registry = "https://pypi.org/simple" }
sdist = { url = "https://files.pythonhosted.org/packages/4f/ad/e5f62e9ae1396f71280cb892340edaf0e6495ab2e190e17dc0a10b343f92/daterangestr-0.0.3.tar.gz", hash = "sha256:d807858d517f3b73ff63508ee6783514a5ce4fb91bf2ee5453de20e6c7093e9d", size = 3024 }

[[package]]
name = "decorator"
version = "5.1.1"
source = { registry = "https://pypi.org/simple" }
sdist = { url = "https://files.pythonhosted.org/packages/66/0c/8d907af351aa16b42caae42f9d6aa37b900c67308052d10fdce809f8d952/decorator-5.1.1.tar.gz", hash = "sha256:637996211036b6385ef91435e4fae22989472f9d571faba8927ba8253acbc330", size = 35016 }
wheels = [
    { url = "https://files.pythonhosted.org/packages/d5/50/83c593b07763e1161326b3b8c6686f0f4b0f24d5526546bee538c89837d6/decorator-5.1.1-py3-none-any.whl", hash = "sha256:b8c3f85900b9dc423225913c5aace94729fe1fa9763b38939a95226f02d37186", size = 9073 },
]

[[package]]
name = "docopt"
version = "0.6.2"
source = { registry = "https://pypi.org/simple" }
sdist = { url = "https://files.pythonhosted.org/packages/a2/55/8f8cab2afd404cf578136ef2cc5dfb50baa1761b68c9da1fb1e4eed343c9/docopt-0.6.2.tar.gz", hash = "sha256:49b3a825280bd66b3aa83585ef59c4a8c82f2c8a522dbe754a8bc8d08c85c491", size = 25901 }

[[package]]
name = "future"
version = "0.18.3"
source = { registry = "https://pypi.org/simple" }
sdist = { url = "https://files.pythonhosted.org/packages/8f/2e/cf6accf7415237d6faeeebdc7832023c90e0282aa16fd3263db0eb4715ec/future-0.18.3.tar.gz", hash = "sha256:34a17436ed1e96697a86f9de3d15a3b0be01d8bc8de9c1dffd59fb8234ed5307", size = 840896 }

[[package]]
name = "geocoder"
version = "1.38.1"
source = { registry = "https://pypi.org/simple" }
dependencies = [
    { name = "click" },
    { name = "future" },
    { name = "ratelim" },
    { name = "requests" },
    { name = "six" },
]
sdist = { url = "https://files.pythonhosted.org/packages/ea/0b/2ea440270c1efb7ac73450cb704344c8127f45dabff0bea48711dc9dd93a/geocoder-1.38.1.tar.gz", hash = "sha256:c9925374c961577d0aee403b09e6f8ea1971d913f011f00ca70c76beaf7a77e7", size = 64345 }
wheels = [
    { url = "https://files.pythonhosted.org/packages/4f/6b/13166c909ad2f2d76b929a4227c952630ebaf0d729f6317eb09cbceccbab/geocoder-1.38.1-py2.py3-none-any.whl", hash = "sha256:a733e1dfbce3f4e1a526cac03aadcedb8ed1239cf55bd7f3a23c60075121a834", size = 98590 },
]

[[package]]
name = "geojson"
version = "2.5.0"
source = { registry = "https://pypi.org/simple" }
sdist = { url = "https://files.pythonhosted.org/packages/b6/8d/c42d3fe6f9b5e5bd6a55d9f03813d674d65d853cb12e6bc56f154a2ceca0/geojson-2.5.0.tar.gz", hash = "sha256:6e4bb7ace4226a45d9c8c8b1348b3fc43540658359f93c3f7e03efa9f15f658a", size = 23086 }
wheels = [
    { url = "https://files.pythonhosted.org/packages/e4/8d/9e28e9af95739e6d2d2f8d4bef0b3432da40b7c3588fbad4298c1be09e48/geojson-2.5.0-py2.py3-none-any.whl", hash = "sha256:ccbd13368dd728f4e4f13ffe6aaf725b6e802c692ba0dde628be475040c534ba", size = 14839 },
]

[[package]]
name = "googletrans"
version = "3.1.0a0"
source = { registry = "https://pypi.org/simple" }
dependencies = [
    { name = "httpx" },
]
sdist = { url = "https://files.pythonhosted.org/packages/19/3d/4e3a1609bf52f2f7b00436cc751eb977e27040665dde2bd57e7152989672/googletrans-3.1.0a0.tar.gz", hash = "sha256:d20373a7975791318a7e5d6c6e3205012d7a990b8fabbfc6b0c16017a6dfae04", size = 19029 }

[[package]]
name = "h11"
version = "0.9.0"
source = { registry = "https://pypi.org/simple" }
sdist = { url = "https://files.pythonhosted.org/packages/34/5a/abaa557d20b210117d8c3e6b0b817ce9b329b2e81f87612e60102a924323/h11-0.9.0.tar.gz", hash = "sha256:33d4bca7be0fa039f4e84d50ab00531047e53d6ee8ffbc83501ea602c169cae1", size = 93331 }
wheels = [
    { url = "https://files.pythonhosted.org/packages/5a/fd/3dad730b0f95e78aeeb742f96fa7bbecbdd56a58e405d3da440d5bfb90c6/h11-0.9.0-py2.py3-none-any.whl", hash = "sha256:4bc6d6a1238b7615b266ada57e0618568066f57dd6fa967d1290ec9309b2f2f1", size = 53607 },
]

[[package]]
name = "h2"
version = "3.2.0"
source = { registry = "https://pypi.org/simple" }
dependencies = [
    { name = "hpack" },
    { name = "hyperframe" },
]
sdist = { url = "https://files.pythonhosted.org/packages/08/0a/033df0fc05fe94f72517ccd393dd9ff99b1773fd198307638e6d3568a518/h2-3.2.0.tar.gz", hash = "sha256:875f41ebd6f2c44781259005b157faed1a5031df3ae5aa7bcb4628a6c0782f14", size = 2215889 }
wheels = [
    { url = "https://files.pythonhosted.org/packages/25/de/da019bcc539eeab02f6d45836f23858ac467f584bfec7a526ef200242afe/h2-3.2.0-py2.py3-none-any.whl", hash = "sha256:61e0f6601fa709f35cdb730863b4e5ec7ad449792add80d1410d4174ed139af5", size = 65044 },
]

[[package]]
name = "hpack"
version = "3.0.0"
source = { registry = "https://pypi.org/simple" }
sdist = { url = "https://files.pythonhosted.org/packages/44/f1/b4440e46e265a29c0cb7b09b6daec6edf93c79eae713cfed93fbbf8716c5/hpack-3.0.0.tar.gz", hash = "sha256:8eec9c1f4bfae3408a3f30500261f7e6a65912dc138526ea054f9ad98892e9d2", size = 43321 }
wheels = [
    { url = "https://files.pythonhosted.org/packages/8a/cc/e53517f4a1e13f74776ca93271caef378dadec14d71c61c949d759d3db69/hpack-3.0.0-py2.py3-none-any.whl", hash = "sha256:0edd79eda27a53ba5be2dfabf3b15780928a0dff6eb0c60a3d6767720e970c89", size = 38552 },
]

[[package]]
name = "hstspreload"
version = "2023.1.1"
source = { registry = "https://pypi.org/simple" }
sdist = { url = "https://files.pythonhosted.org/packages/bc/6b/dc96f2d6e9ab7f0ce56e647d24728ee92219803b023705c98748483270b6/hstspreload-2023.1.1.tar.gz", hash = "sha256:b2330a88b3fe3344c9eb431257e1ff3ae06c3bc2ff87ca686a5f253e2881a6c1", size = 1539131 }
wheels = [
    { url = "https://files.pythonhosted.org/packages/6f/e6/a3862f82232245da7f8cb3362a549c8da6e5bd95e2588493b23c478cac31/hstspreload-2023.1.1-py3-none-any.whl", hash = "sha256:ac8a56dd603b4bf55292fc7a157e0deea18ee5e2e5c114d131da8949cc7a54bb", size = 1541883 },
]

[[package]]
name = "httpcore"
version = "0.9.1"
source = { registry = "https://pypi.org/simple" }
dependencies = [
    { name = "h11" },
    { name = "h2" },
    { name = "sniffio" },
]
sdist = { url = "https://files.pythonhosted.org/packages/a5/62/fec975b06a6c5fdfcfde8231f3464b9a23dd528cd53b859daf225c6845a6/httpcore-0.9.1.tar.gz", hash = "sha256:ecc5949310d9dae4de64648a4ce529f86df1f232ce23dcfefe737c24d21dfbe9", size = 31911 }
wheels = [
    { url = "https://files.pythonhosted.org/packages/dd/d5/e4ff9318693ac6101a2095e580908b591838c6f33df8d3ee8dd953ba96a8/httpcore-0.9.1-py3-none-any.whl", hash = "sha256:9850fe97a166a794d7e920590d5ec49a05488884c9fc8b5dba8561effab0c2a0", size = 42640 },
]

[[package]]
name = "httpx"
version = "0.13.3"
source = { registry = "https://pypi.org/simple" }
dependencies = [
    { name = "certifi" },
    { name = "chardet" },
    { name = "hstspreload" },
    { name = "httpcore" },
    { name = "idna" },
    { name = "rfc3986" },
    { name = "sniffio" },
]
sdist = { url = "https://files.pythonhosted.org/packages/6b/d8/1f7ccaac5b9b2bd054a531b8f008f658c2a7fc00b19676321735d797d4b7/httpx-0.13.3.tar.gz", hash = "sha256:3642bd13e90b80ba8a243a730275eb10a4c26ec96f5fc16b87e458d4ab21efae", size = 59369 }
wheels = [
    { url = "https://files.pythonhosted.org/packages/54/b4/698b284c6aed4d7c2b4fe3ba5df1fcf6093612423797e76fbb24890dd22f/httpx-0.13.3-py3-none-any.whl", hash = "sha256:32d930858eab677bc29a742aaa4f096de259f1c78c68a90ad11f5c3c04f08335", size = 55101 },
]

[[package]]
name = "hyperframe"
version = "5.2.0"
source = { registry = "https://pypi.org/simple" }
sdist = { url = "https://files.pythonhosted.org/packages/e6/7f/9a4834af1010dc1d570d5f394dfd9323a7d7ada7d25586bd299fc4cb0356/hyperframe-5.2.0.tar.gz", hash = "sha256:a9f5c17f2cc3c719b917c4f33ed1c61bd1f8dfac4b1bd23b7c80b3400971b41f", size = 19115 }
wheels = [
    { url = "https://files.pythonhosted.org/packages/19/0c/bf88182bcb5dce3094e2f3e4fe20db28a9928cb7bd5b08024030e4b140db/hyperframe-5.2.0-py2.py3-none-any.whl", hash = "sha256:5187962cb16dcc078f23cb5a4b110098d546c3f41ff2d4038a9896893bbd0b40", size = 12803 },
]

[[package]]
name = "idna"
version = "2.10"
source = { registry = "https://pypi.org/simple" }
sdist = { url = "https://files.pythonhosted.org/packages/ea/b7/e0e3c1c467636186c39925827be42f16fee389dc404ac29e930e9136be70/idna-2.10.tar.gz", hash = "sha256:b307872f855b18632ce0c21c5e45be78c0ea7ae4c15c828c20788b26921eb3f6", size = 175616 }
wheels = [
    { url = "https://files.pythonhosted.org/packages/a2/38/928ddce2273eaa564f6f50de919327bf3a00f091b5baba8dfa9460f3a8a8/idna-2.10-py2.py3-none-any.whl", hash = "sha256:b97d804b1e9b523befed77c48dacec60e6dcb0b5391d57af6a65a312a90648c0", size = 58811 },
]

[[package]]
name = "markdown-it-py"
version = "2.2.0"
source = { registry = "https://pypi.org/simple" }
dependencies = [
    { name = "mdurl" },
]
sdist = { url = "https://files.pythonhosted.org/packages/e4/c0/59bd6d0571986f72899288a95d9d6178d0eebd70b6650f1bb3f0da90f8f7/markdown-it-py-2.2.0.tar.gz", hash = "sha256:7c9a5e412688bc771c67432cbfebcdd686c93ce6484913dccf06cb5a0bea35a1", size = 67120 }
wheels = [
    { url = "https://files.pythonhosted.org/packages/bf/25/2d88e8feee8e055d015343f9b86e370a1ccbec546f2865c98397aaef24af/markdown_it_py-2.2.0-py3-none-any.whl", hash = "sha256:5a35f8d1870171d9acc47b99612dc146129b631baf04970128b568f190d0cc30", size = 84466 },
]

[[package]]
name = "mdurl"
version = "0.1.2"
source = { registry = "https://pypi.org/simple" }
sdist = { url = "https://files.pythonhosted.org/packages/d6/54/cfe61301667036ec958cb99bd3efefba235e65cdeb9c84d24a8293ba1d90/mdurl-0.1.2.tar.gz", hash = "sha256:bb413d29f5eea38f31dd4754dd7377d4465116fb207585f97bf925588687c1ba", size = 8729 }
wheels = [
    { url = "https://files.pythonhosted.org/packages/b3/38/89ba8ad64ae25be8de66a6d463314cf1eb366222074cfda9ee839c56a4b4/mdurl-0.1.2-py3-none-any.whl", hash = "sha256:84008a41e51615a49fc9966191ff91509e3c40b939176e643fd50a5c2196b8f8", size = 9979 },
]

[[package]]
name = "pipreqs"
version = "0.4.13"
source = { registry = "https://pypi.org/simple" }
dependencies = [
    { name = "docopt" },
    { name = "yarg" },
]
sdist = { url = "https://files.pythonhosted.org/packages/96/71/b6749742c33fabb2c8b3a1a2e128548ee09c36c9070137104dd5eb2010ea/pipreqs-0.4.13.tar.gz", hash = "sha256:a17f167880b6921be37533ce4c81ddc6e22b465c107aad557db43b1add56a99b", size = 47595 }
wheels = [
    { url = "https://files.pythonhosted.org/packages/d9/ea/74c89d786cf3403bfbf8fb70142fdf501af9517d0bb8c1acce3ee5ab613e/pipreqs-0.4.13-py2.py3-none-any.whl", hash = "sha256:e522b9ed54aa3e8b7978ff251ab7a9af2f75d2cd8de4c102e881b666a79a308e", size = 33201 },
]

[[package]]
name = "pygments"
version = "2.15.1"
source = { registry = "https://pypi.org/simple" }
sdist = { url = "https://files.pythonhosted.org/packages/89/6b/2114e54b290824197006e41be3f9bbe1a26e9c39d1f5fa20a6d62945a0b3/Pygments-2.15.1.tar.gz", hash = "sha256:8ace4d3c1dd481894b2005f560ead0f9f19ee64fe983366be1a21e171d12775c", size = 4819591 }
wheels = [
    { url = "https://files.pythonhosted.org/packages/34/a7/37c8d68532ba71549db4212cb036dbd6161b40e463aba336770e80c72f84/Pygments-2.15.1-py3-none-any.whl", hash = "sha256:db2db3deb4b4179f399a09054b023b6a586b76499d36965813c71aa8ed7b5fd1", size = 1146422 },
]

[[package]]
name = "pyowm"
version = "3.3.0"
source = { registry = "https://pypi.org/simple" }
dependencies = [
    { name = "geojson" },
    { name = "pysocks" },
    { name = "requests", extra = ["socks"] },
]
sdist = { url = "https://files.pythonhosted.org/packages/43/5a/0f44ccc4b81d23b9c84c821532e269727a64f3335c4231c9c16702809719/pyowm-3.3.0.tar.gz", hash = "sha256:8196f77c91eac680676ed5ee484aae8a165408055e3e2b28025cbf60b8681e03", size = 4516988 }
wheels = [
    { url = "https://files.pythonhosted.org/packages/6e/88/1279817aa7f5988a2ff42a6755fd371f3c1806aca377cb63b3d16684b174/pyowm-3.3.0-py3-none-any.whl", hash = "sha256:86463108e7613171531ba306040b43c972b3fc0b0acf73b12c50910cdd2107ab", size = 4547201 },
]

[[package]]
name = "pysocks"
version = "1.7.1"
source = { registry = "https://pypi.org/simple" }
sdist = { url = "https://files.pythonhosted.org/packages/bd/11/293dd436aea955d45fc4e8a35b6ae7270f5b8e00b53cf6c024c83b657a11/PySocks-1.7.1.tar.gz", hash = "sha256:3f8804571ebe159c380ac6de37643bb4685970655d3bba243530d6558b799aa0", size = 284429 }
wheels = [
    { url = "https://files.pythonhosted.org/packages/8d/59/b4572118e098ac8e46e399a1dd0f2d85403ce8bbaad9ec79373ed6badaf9/PySocks-1.7.1-py3-none-any.whl", hash = "sha256:2725bd0a9925919b9b51739eea5f9e2bae91e83288108a9ad338b2e3a4435ee5", size = 16725 },
]

[[package]]
name = "ratelim"
version = "0.1.6"
source = { registry = "https://pypi.org/simple" }
dependencies = [
    { name = "decorator" },
]
sdist = { url = "https://files.pythonhosted.org/packages/c5/5a/e1440017bccb14523bb76356e6f3a5468386b8a9192bd901e98babd1a1ea/ratelim-0.1.6.tar.gz", hash = "sha256:826d32177e11f9a12831901c9fda6679fd5bbea3605910820167088f5acbb11d", size = 2793 }
wheels = [
    { url = "https://files.pythonhosted.org/packages/f2/98/7e6d147fd16a10a5f821db6e25f192265d6ecca3d82957a4fdd592cad49c/ratelim-0.1.6-py2.py3-none-any.whl", hash = "sha256:e1a7dd39e6b552b7cc7f52169cd66cdb826a1a30198e355d7016012987c9ad08", size = 4017 },
]

[[package]]
name = "requests"
version = "2.31.0"
source = { registry = "https://pypi.org/simple" }
dependencies = [
    { name = "certifi" },
    { name = "charset-normalizer" },
    { name = "idna" },
    { name = "urllib3" },
]
sdist = { url = "https://files.pythonhosted.org/packages/9d/be/10918a2eac4ae9f02f6cfe6414b7a155ccd8f7f9d4380d62fd5b955065c3/requests-2.31.0.tar.gz", hash = "sha256:942c5a758f98d790eaed1a29cb6eefc7ffb0d1cf7af05c3d2791656dbd6ad1e1", size = 110794 }
wheels = [
    { url = "https://files.pythonhosted.org/packages/70/8e/0e2d847013cb52cd35b38c009bb167a1a26b2ce6cd6965bf26b47bc0bf44/requests-2.31.0-py3-none-any.whl", hash = "sha256:58cd2187c01e70e6e26505bca751777aa9f2ee0b7f4300988b709f44e013003f", size = 62574 },
]

[package.optional-dependencies]
socks = [
    { name = "pysocks" },
]

[[package]]
name = "rfc3986"
version = "1.5.0"
source = { registry = "https://pypi.org/simple" }
sdist = { url = "https://files.pythonhosted.org/packages/79/30/5b1b6c28c105629cc12b33bdcbb0b11b5bb1880c6cfbd955f9e792921aa8/rfc3986-1.5.0.tar.gz", hash = "sha256:270aaf10d87d0d4e095063c65bf3ddbc6ee3d0b226328ce21e036f946e421835", size = 49378 }
wheels = [
    { url = "https://files.pythonhosted.org/packages/c4/e5/63ca2c4edf4e00657584608bee1001302bbf8c5f569340b78304f2f446cb/rfc3986-1.5.0-py2.py3-none-any.whl", hash = "sha256:a86d6e1f5b1dc238b218b012df0aa79409667bb209e58da56d0b94704e712a97", size = 31976 },
]

[[package]]
name = "rich"
version = "13.4.1"
source = { registry = "https://pypi.org/simple" }
dependencies = [
    { name = "markdown-it-py" },
    { name = "pygments" },
]
sdist = { url = "https://files.pythonhosted.org/packages/02/97/0046b5e3c6a5057b5817e5e6c51a776d410b953e6a9c67ae249dafdd2999/rich-13.4.1.tar.gz", hash = "sha256:76f6b65ea7e5c5d924ba80e322231d7cb5b5981aa60bfc1e694f1bc097fe6fe1", size = 219901 }
wheels = [
    { url = "https://files.pythonhosted.org/packages/ea/93/c68645c689d10a035010e3ae314b6b2855d040ce0d11fdfdfbb8be416581/rich-13.4.1-py3-none-any.whl", hash = "sha256:d204aadb50b936bf6b1a695385429d192bc1fdaf3e8b907e8e26f4c4e4b5bf75", size = 239409 },
]

[[package]]
name = "setuptools"
version = "75.8.0"
source = { registry = "https://pypi.org/simple" }
sdist = { url = "https://files.pythonhosted.org/packages/92/ec/089608b791d210aec4e7f97488e67ab0d33add3efccb83a056cbafe3a2a6/setuptools-75.8.0.tar.gz", hash = "sha256:c5afc8f407c626b8313a86e10311dd3f661c6cd9c09d4bf8c15c0e11f9f2b0e6", size = 1343222 }
wheels = [
    { url = "https://files.pythonhosted.org/packages/69/8a/b9dc7678803429e4a3bc9ba462fa3dd9066824d3c607490235c6a796be5a/setuptools-75.8.0-py3-none-any.whl", hash = "sha256:e3982f444617239225d675215d51f6ba05f845d4eec313da4418fdbb56fb27e3", size = 1228782 },
]

[[package]]
name = "showcurrentweather"
version = "0.1.0"
source = { virtual = "." }
dependencies = [
    { name = "certifi" },
    { name = "chardet" },
    { name = "charset-normalizer" },
    { name = "click" },
    { name = "colorama" },
    { name = "daterangestr" },
    { name = "decorator" },
    { name = "docopt" },
    { name = "future" },
    { name = "geocoder" },
    { name = "geojson" },
    { name = "googletrans" },
    { name = "h11" },
    { name = "h2" },
    { name = "hpack" },
    { name = "hstspreload" },
    { name = "httpcore" },
    { name = "httpx" },
    { name = "hyperframe" },
    { name = "idna" },
    { name = "markdown-it-py" },
    { name = "mdurl" },
    { name = "pipreqs" },
    { name = "pygments" },
    { name = "pyowm" },
    { name = "pysocks" },
    { name = "ratelim" },
    { name = "requests" },
    { name = "rfc3986" },
    { name = "rich" },
    { name = "setuptools" },
    { name = "six" },
    { name = "sniffio" },
    { name = "urllib3" },
    { name = "yarg" },
]

[package.metadata]
requires-dist = [
    { name = "certifi", specifier = "==2023.5.7" },
    { name = "chardet", specifier = "==3.0.4" },
    { name = "charset-normalizer", specifier = "==3.1.0" },
    { name = "click", specifier = "==8.1.3" },
    { name = "colorama", specifier = "==0.4.6" },
    { name = "daterangestr", specifier = "==0.0.3" },
    { name = "decorator", specifier = "==5.1.1" },
    { name = "docopt", specifier = "==0.6.2" },
    { name = "future", specifier = "==0.18.3" },
    { name = "geocoder", specifier = "==1.38.1" },
    { name = "geojson", specifier = "==2.5.0" },
    { name = "googletrans", specifier = "==3.1.0a0" },
    { name = "h11", specifier = "==0.9.0" },
    { name = "h2", specifier = "==3.2.0" },
    { name = "hpack", specifier = "==3.0.0" },
    { name = "hstspreload", specifier = "==2023.1.1" },
    { name = "httpcore", specifier = "==0.9.1" },
    { name = "httpx", specifier = "==0.13.3" },
    { name = "hyperframe", specifier = "==5.2.0" },
    { name = "idna", specifier = "==2.10" },
    { name = "markdown-it-py", specifier = "==2.2.0" },
    { name = "mdurl", specifier = "==0.1.2" },
    { name = "pipreqs", specifier = "==0.4.13" },
    { name = "pygments", specifier = "==2.15.1" },
    { name = "pyowm", specifier = "==3.3.0" },
    { name = "pysocks", specifier = "==1.7.1" },
    { name = "ratelim", specifier = "==0.1.6" },
    { name = "requests", specifier = "==2.31.0" },
    { name = "rfc3986", specifier = "==1.5.0" },
    { name = "rich", specifier = "==13.4.1" },
    { name = "setuptools", specifier = ">=75.8.0" },
    { name = "six", specifier = "==1.16.0" },
    { name = "sniffio", specifier = "==1.3.0" },
    { name = "urllib3", specifier = "==2.0.2" },
    { name = "yarg", specifier = "==0.1.9" },
]

[[package]]
name = "six"
version = "1.16.0"
source = { registry = "https://pypi.org/simple" }
sdist = { url = "https://files.pythonhosted.org/packages/71/39/171f1c67cd00715f190ba0b100d606d440a28c93c7714febeca8b79af85e/six-1.16.0.tar.gz", hash = "sha256:1e61c37477a1626458e36f7b1d82aa5c9b094fa4802892072e49de9c60c4c926", size = 34041 }
wheels = [
    { url = "https://files.pythonhosted.org/packages/d9/5a/e7c31adbe875f2abbb91bd84cf2dc52d792b5a01506781dbcf25c91daf11/six-1.16.0-py2.py3-none-any.whl", hash = "sha256:8abb2f1d86890a2dfb989f9a77cfcfd3e47c2a354b01111771326f8aa26e0254", size = 11053 },
]

[[package]]
name = "sniffio"
version = "1.3.0"
source = { registry = "https://pypi.org/simple" }
sdist = { url = "https://files.pythonhosted.org/packages/cd/50/d49c388cae4ec10e8109b1b833fd265511840706808576df3ada99ecb0ac/sniffio-1.3.0.tar.gz", hash = "sha256:e60305c5e5d314f5389259b7f22aaa33d8f7dee49763119234af3755c55b9101", size = 17103 }
wheels = [
    { url = "https://files.pythonhosted.org/packages/c3/a0/5dba8ed157b0136607c7f2151db695885606968d1fae123dc3391e0cfdbf/sniffio-1.3.0-py3-none-any.whl", hash = "sha256:eecefdce1e5bbfb7ad2eeaabf7c1eeb404d7757c379bd1f7e5cce9d8bf425384", size = 10165 },
]

[[package]]
name = "urllib3"
version = "2.0.2"
source = { registry = "https://pypi.org/simple" }
sdist = { url = "https://files.pythonhosted.org/packages/fb/c0/1abba1a1233b81cf2e36f56e05194f5e8a0cec8c03c244cab56cc9dfb5bd/urllib3-2.0.2.tar.gz", hash = "sha256:61717a1095d7e155cdb737ac7bb2f4324a858a1e2e6466f6d03ff630ca68d3cc", size = 277703 }
wheels = [
    { url = "https://files.pythonhosted.org/packages/4b/1d/f8383ef593114755429c307449e7717b87044b3bcd5f7860b89b1f759e34/urllib3-2.0.2-py3-none-any.whl", hash = "sha256:d055c2f9d38dc53c808f6fdc8eab7360b6fdbbde02340ed25cfbcd817c62469e", size = 123247 },
]

[[package]]
name = "yarg"
version = "0.1.9"
source = { registry = "https://pypi.org/simple" }
dependencies = [
    { name = "requests" },
]
sdist = { url = "https://files.pythonhosted.org/packages/d4/c8/cc640404a0981e6c14e2044fc64e43b4c1ddf69e7dddc8f2a02638ba5ae8/yarg-0.1.9.tar.gz", hash = "sha256:55695bf4d1e3e7f756496c36a69ba32c40d18f821e38f61d028f6049e5e15911", size = 11988 }
wheels = [
    { url = "https://files.pythonhosted.org/packages/8b/90/89a2ff242ccab6a24fbab18dbbabc67c51a6f0ed01f9a0f41689dc177419/yarg-0.1.9-py2.py3-none-any.whl", hash = "sha256:4f9cebdc00fac946c9bf2783d634e538a71c7d280a4d806d45fd4dc0ef441492", size = 19162 },
]
